
Microsoft Visual Studio Solution File, Format Version 12.00
# Visual Studio Version 17
VisualStudioVersion = 17.5.002.0
MinimumVisualStudioVersion = 10.0.40219.1
Project("{9A19103F-16F7-4668-BE54-9A1E7A4F7556}") = "DesafioPicPay", "DesafioPicPay.csproj", "{0BF57B5D-3D41-44D4-96E6-825DB088EA04}"
EndProject
Global
	GlobalSection(SolutionConfigurationPlatforms) = preSolution
		Debug|Any CPU = Debug|Any CPU
		Release|Any CPU = Release|Any CPU
	EndGlobalSection
	GlobalSection(ProjectConfigurationPlatforms) = postSolution
		{0BF57B5D-3D41-44D4-96E6-825DB088EA04}.Debug|Any CPU.ActiveCfg = Debug|Any CPU
		{0BF57B5D-3D41-44D4-96E6-825DB088EA04}.Debug|Any CPU.Build.0 = Debug|Any CPU
		{0BF57B5D-3D41-44D4-96E6-825DB088EA04}.Release|Any CPU.ActiveCfg = Release|Any CPU
		{0BF57B5D-3D41-44D4-96E6-825DB088EA04}.Release|Any CPU.Build.0 = Release|Any CPU
	EndGlobalSection
	GlobalSection(SolutionProperties) = preSolution
		HideSolutionNode = FALSE
	EndGlobalSection
	GlobalSection(ExtensibilityGlobals) = postSolution
		SolutionGuid = {7B696908-3FFF-49CB-9F33-5D6B9AD2FAC1}
	EndGlobalSection
EndGlobal
